
Microsoft Visual Studio Solution File, Format Version 12.00
# Visual Studio 15
VisualStudioVersion = 15.0.27004.2009
MinimumVisualStudioVersion = 10.0.40219.1
Project("{FAE04EC0-301F-11D3-BF4B-00C04F79EFBC}") = "Website", "Website\Website.csproj", "{CC9D2882-B335-43A5-8299-B23651A36532}"
EndProject
Global
	GlobalSection(SolutionConfigurationPlatforms) = preSolution
		Debug|Any CPU = Debug|Any CPU
		Release|Any CPU = Release|Any CPU
	EndGlobalSection
	GlobalSection(ProjectConfigurationPlatforms) = postSolution
		{CC9D2882-B335-43A5-8299-B23651A36532}.Debug|Any CPU.ActiveCfg = Debug|Any CPU
		{CC9D2882-B335-43A5-8299-B23651A36532}.Debug|Any CPU.Build.0 = Debug|Any CPU
		{CC9D2882-B335-43A5-8299-B23651A36532}.Release|Any CPU.ActiveCfg = Release|Any CPU
		{CC9D2882-B335-43A5-8299-B23651A36532}.Release|Any CPU.Build.0 = Release|Any CPU
	EndGlobalSection
	GlobalSection(SolutionProperties) = preSolution
		HideSolutionNode = FALSE
	EndGlobalSection
	GlobalSection(ExtensibilityGlobals) = postSolution
		SolutionGuid = {F57AC512-34E0-486D-B755-53DDD99A56D3}
	EndGlobalSection
EndGlobal
